
Microsoft Visual Studio Solution File, Format Version 12.00
# Visual Studio Version 17
VisualStudioVersion = 17.0.31912.275
MinimumVisualStudioVersion = 10.0.40219.1
Project("{FAE04EC0-301F-11D3-BF4B-00C04F79EFBC}") = "Просмотр графиков", "Просмотр графиков\Просмотр графиков.csproj", "{2E4852EA-6462-47F8-855A-946425D93FF6}"
EndProject
Global
	GlobalSection(SolutionConfigurationPlatforms) = preSolution
		Debug|Any CPU = Debug|Any CPU
		Release|Any CPU = Release|Any CPU
	EndGlobalSection
	GlobalSection(ProjectConfigurationPlatforms) = postSolution
		{2E4852EA-6462-47F8-855A-946425D93FF6}.Debug|Any CPU.ActiveCfg = Debug|Any CPU
		{2E4852EA-6462-47F8-855A-946425D93FF6}.Debug|Any CPU.Build.0 = Debug|Any CPU
		{2E4852EA-6462-47F8-855A-946425D93FF6}.Release|Any CPU.ActiveCfg = Release|Any CPU
		{2E4852EA-6462-47F8-855A-946425D93FF6}.Release|Any CPU.Build.0 = Release|Any CPU
	EndGlobalSection
	GlobalSection(SolutionProperties) = preSolution
		HideSolutionNode = FALSE
	EndGlobalSection
	GlobalSection(ExtensibilityGlobals) = postSolution
		SolutionGuid = {28D4BD30-29AC-4967-99BA-F8461951D244}
	EndGlobalSection
EndGlobal
